github.com/go-telegram/bot v1.6.0 h1:SNjpC3W6DiWTuv/vbWMJ8FoZD5F6Fh+M4K5wYwO8BAo=
github.com/go-telegram/bot v1.6.0/go.mod h1:i2TRs7fXWIeaceF3z7KzsMt/he0TwkVC680mvdTFYeM=
github.com/gorilla/websocket v1.5.0 h1:PPwGk2jz7EePpoHN/+ClbZu8SPxiqlu12wZP/3sWmnc=
github.com/gorilla/websocket v1.5.0/go.mod h1:YR8l580nyteQvAITg2hZ9XVh4b55+EU/adAjf1fMHhE=
